PODS:
  - Alamofire (4.5.0)
  - Bolts-Swift (1.3.0)
  - IQKeyboardManagerSwift (4.0.11)
  - Kingfisher (3.10.4)
  - Localize-Swift (1.7.1)
  - PureLayout (3.0.2)
  - SVProgressHUD (2.1.2)
  - SwiftyJSON (3.1.4)
  - XCGLogger (4.0.0):
    - XCGLogger/Core (= 4.0.0)
  - XCGLogger/Core (4.0.0)

DEPENDENCIES:
  - Alamofire (~> 4.3)
  - Bolts-Swift
  - IQKeyboardManagerSwift
  - Kingfisher
  - Localize-Swift (~> 1.7)
  - PureLayout
  - SVProgressHUD
  - SwiftyJSON
  - XCGLogger (~> 4.0.0)

SPEC CHECKSUMS:
  Alamofire: f28cdffd29de33a7bfa022cbd63ae95a27fae140
  Bolts-Swift: fa98d1b59fc1acea9b21a21306dcdca1c85e3737
  IQKeyboardManagerSwift: 10f0a6b8ea2904c8943c0e1a116c99f5b8ad83af
  Kingfisher: dc3a4983e86d2dfa89513664983a82340c11a289
  Localize-Swift: 6cabc1087c0e910e77bfa87c2ed3f65c80c0b2df
  PureLayout: 4d550abe49a94f24c2808b9b95db9131685fe4cd
  SVProgressHUD: c404a55d78acbeb7ebb78b76d3faf986475a6994
  SwiftyJSON: c2842d878f95482ffceec5709abc3d05680c0220
  XCGLogger: 38063ea89b4c8b23232d18efd2e12eb0005f3ea4

PODFILE CHECKSUM: c2fc8b07f710ee08df018991e8456805f83487a2

COCOAPODS: 1.3.0
